
Microsoft Visual Studio Solution File, Format Version 12.00
# Visual Studio Version 17
VisualStudioVersion = 17.9.34723.18
MinimumVisualStudioVersion = 10.0.40219.1
Project("{FAE04EC0-301F-11D3-BF4B-00C04F79EFBC}") = "ContarPalabras", "ContarPalabras.csproj", "{E583E344-C847-4E55-AF68-6C81CA644E82}"
EndProject
Project("{FAE04EC0-301F-11D3-BF4B-00C04F79EFBC}") = "ContarPalabrasTests", "..\ContarPalabrasTests\ContarPalabrasTests.csproj", "{36FF437D-5AE3-445B-837D-1D785427E534}"
	ProjectSection(ProjectDependencies) = postProject
		{E583E344-C847-4E55-AF68-6C81CA644E82} = {E583E344-C847-4E55-AF68-6C81CA644E82}
	EndProjectSection
EndProject
Global
	GlobalSection(SolutionConfigurationPlatforms) = preSolution
		Debug|Any CPU = Debug|Any CPU
		Release|Any CPU = Release|Any CPU
	EndGlobalSection
	GlobalSection(ProjectConfigurationPlatforms) = postSolution
		{E583E344-C847-4E55-AF68-6C81CA644E82}.Debug|Any CPU.ActiveCfg = Debug|Any CPU
		{E583E344-C847-4E55-AF68-6C81CA644E82}.Debug|Any CPU.Build.0 = Debug|Any CPU
		{E583E344-C847-4E55-AF68-6C81CA644E82}.Release|Any CPU.ActiveCfg = Release|Any CPU
		{E583E344-C847-4E55-AF68-6C81CA644E82}.Release|Any CPU.Build.0 = Release|Any CPU
		{36FF437D-5AE3-445B-837D-1D785427E534}.Debug|Any CPU.ActiveCfg = Debug|Any CPU
		{36FF437D-5AE3-445B-837D-1D785427E534}.Debug|Any CPU.Build.0 = Debug|Any CPU
		{36FF437D-5AE3-445B-837D-1D785427E534}.Release|Any CPU.ActiveCfg = Release|Any CPU
		{36FF437D-5AE3-445B-837D-1D785427E534}.Release|Any CPU.Build.0 = Release|Any CPU
	EndGlobalSection
	GlobalSection(SolutionProperties) = preSolution
		HideSolutionNode = FALSE
	EndGlobalSection
	GlobalSection(ExtensibilityGlobals) = postSolution
		SolutionGuid = {CF6EA85E-74DC-4E65-8181-2977912C7C03}
	EndGlobalSection
EndGlobal
